
Microsoft Visual Studio Solution File, Format Version 12.00
# Visual Studio Version 17
VisualStudioVersion = 17.2.32616.157
MinimumVisualStudioVersion = 10.0.40219.1
Project("{FAE04EC0-301F-11D3-BF4B-00C04F79EFBC}") = "MarsRover", "MarsRover.csproj", "{44C81A20-7FDA-42A3-8F22-0155A5714802}"
EndProject
Project("{FAE04EC0-301F-11D3-BF4B-00C04F79EFBC}") = "MarsRoverTest", "..\MarsRoverTest\MarsRoverTest.csproj", "{BAC47E11-5560-48F5-AC3F-07DAED2F5D48}"
EndProject
Global
	GlobalSection(SolutionConfigurationPlatforms) = preSolution
		Debug|Any CPU = Debug|Any CPU
		Release|Any CPU = Release|Any CPU
	EndGlobalSection
	GlobalSection(ProjectConfigurationPlatforms) = postSolution
		{44C81A20-7FDA-42A3-8F22-0155A5714802}.Debug|Any CPU.ActiveCfg = Debug|Any CPU
		{44C81A20-7FDA-42A3-8F22-0155A5714802}.Debug|Any CPU.Build.0 = Debug|Any CPU
		{44C81A20-7FDA-42A3-8F22-0155A5714802}.Release|Any CPU.ActiveCfg = Release|Any CPU
		{44C81A20-7FDA-42A3-8F22-0155A5714802}.Release|Any CPU.Build.0 = Release|Any CPU
		{BAC47E11-5560-48F5-AC3F-07DAED2F5D48}.Debug|Any CPU.ActiveCfg = Debug|Any CPU
		{BAC47E11-5560-48F5-AC3F-07DAED2F5D48}.Debug|Any CPU.Build.0 = Debug|Any CPU
		{BAC47E11-5560-48F5-AC3F-07DAED2F5D48}.Release|Any CPU.ActiveCfg = Release|Any CPU
		{BAC47E11-5560-48F5-AC3F-07DAED2F5D48}.Release|Any CPU.Build.0 = Release|Any CPU
	EndGlobalSection
	GlobalSection(SolutionProperties) = preSolution
		HideSolutionNode = FALSE
	EndGlobalSection
	GlobalSection(ExtensibilityGlobals) = postSolution
		SolutionGuid = {910A9B48-73E2-4F5A-B14C-23B8FDE9D70F}
	EndGlobalSection
EndGlobal
