
Microsoft Visual Studio Solution File, Format Version 12.00
# Visual Studio Version 17
VisualStudioVersion = 17.2.32616.157
MinimumVisualStudioVersion = 10.0.40219.1
Project("{9A19103F-16F7-4668-BE54-9A1E7A4F7556}") = "Scoring_ball_1", "Scoring_ball_1.csproj", "{76EEE214-3800-42FB-8779-A280B5B0498A}"
EndProject
Project("{9A19103F-16F7-4668-BE54-9A1E7A4F7556}") = "TestProject1", "..\TestProject1\TestProject1.csproj", "{EAC64CB9-5444-419D-9172-E7DED2D2FDE6}"
EndProject
Global
	GlobalSection(SolutionConfigurationPlatforms) = preSolution
		Debug|Any CPU = Debug|Any CPU
		Release|Any CPU = Release|Any CPU
	EndGlobalSection
	GlobalSection(ProjectConfigurationPlatforms) = postSolution
		{76EEE214-3800-42FB-8779-A280B5B0498A}.Debug|Any CPU.ActiveCfg = Debug|Any CPU
		{76EEE214-3800-42FB-8779-A280B5B0498A}.Debug|Any CPU.Build.0 = Debug|Any CPU
		{76EEE214-3800-42FB-8779-A280B5B0498A}.Release|Any CPU.ActiveCfg = Release|Any CPU
		{76EEE214-3800-42FB-8779-A280B5B0498A}.Release|Any CPU.Build.0 = Release|Any CPU
		{EAC64CB9-5444-419D-9172-E7DED2D2FDE6}.Debug|Any CPU.ActiveCfg = Debug|Any CPU
		{EAC64CB9-5444-419D-9172-E7DED2D2FDE6}.Debug|Any CPU.Build.0 = Debug|Any CPU
		{EAC64CB9-5444-419D-9172-E7DED2D2FDE6}.Release|Any CPU.ActiveCfg = Release|Any CPU
		{EAC64CB9-5444-419D-9172-E7DED2D2FDE6}.Release|Any CPU.Build.0 = Release|Any CPU
	EndGlobalSection
	GlobalSection(SolutionProperties) = preSolution
		HideSolutionNode = FALSE
	EndGlobalSection
	GlobalSection(ExtensibilityGlobals) = postSolution
		SolutionGuid = {A236A00C-E5B4-413A-91B9-C8DD212CE411}
	EndGlobalSection
EndGlobal
